{
  "name": "coraza-playground",
  "version": "1.0.0",
  "lockfileVersion": 3,
  "requires": true,
  "packages": {
    "": {
      "name": "coraza-playground",
      "version": "1.0.0",
      "dependencies": {
        "@lezer/common": "^1.2.0"
      },
      "devDependencies": {
        "@lezer/common": "1.5.0",
        "@lezer/generator": "1.8.0",
        "@lezer/lr": "^1.4.8"
      }
    },
    "node_modules/@lezer/common": {
      "version": "1.5.0",
      "resolved": "https://registry.npmjs.org/@lezer/common/-/common-1.5.0.tgz",
      "integrity": "sha512-PNGcolp9hr4PJdXR4ix7XtixDrClScvtSCYW3rQG106oVMOOI+jFb+0+J3mbeL/53g1Zd6s0kJzaw6Ri68GmAA==",
      "dev": true,
      "license": "MIT"
    },
    "node_modules/@lezer/generator": {
      "version": "1.8.0",
      "resolved": "https://registry.npmjs.org/@lezer/generator/-/generator-1.8.0.tgz",
      "integrity": "sha512-/SF4EDWowPqV1jOgoGSGTIFsE7Ezdr7ZYxyihl5eMKVO5tlnpIhFcDavgm1hHY5GEonoOAEnJ0CU0x+tvuAuUg==",
      "dev": true,
      "license": "MIT",
      "dependencies": {
        "@lezer/common": "^1.1.0",
        "@lezer/lr": "^1.3.0"
      },
      "bin": {
        "lezer-generator": "src/lezer-generator.cjs"
      }
    },
    "node_modules/@lezer/lr": {
      "version": "1.4.8",
      "resolved": "https://registry.npmjs.org/@lezer/lr/-/lr-1.4.8.tgz",
      "integrity": "sha512-bPWa0Pgx69ylNlMlPvBPryqeLYQjyJjqPx+Aupm5zydLIF3NE+6MMLT8Yi23Bd9cif9VS00aUebn+6fDIGBcDA==",
      "dev": true,
      "license": "MIT",
      "dependencies": {
        "@lezer/common": "^1.0.0"
      }
    }
  }
}
