{
  "name": "coraza-playground",
  "version": "1.0.0",
  "lockfileVersion": 3,
  "requires": true,
  "packages": {
    "": {
      "name": "coraza-playground",
      "version": "1.0.0",
      "devDependencies": {
        "@lezer/common": "^1.4.0",
        "@lezer/generator": "1.8.0",
        "@lezer/lr": "^1.4.4"
      }
    },
    "node_modules/@lezer/common": {
      "version": "1.4.0",
      "resolved": "https://registry.npmjs.org/@lezer/common/-/common-1.4.0.tgz",
      "integrity": "sha512-DVeMRoGrgn/k45oQNu189BoW4SZwgZFzJ1+1TV5j2NJ/KFC83oa/enRqZSGshyeMk5cPWMhsKs9nx+8o0unwGg==",
      "dev": true,
      "license": "MIT"
    },
    "node_modules/@lezer/generator": {
      "version": "1.8.0",
      "resolved": "https://registry.npmjs.org/@lezer/generator/-/generator-1.8.0.tgz",
      "integrity": "sha512-/SF4EDWowPqV1jOgoGSGTIFsE7Ezdr7ZYxyihl5eMKVO5tlnpIhFcDavgm1hHY5GEonoOAEnJ0CU0x+tvuAuUg==",
      "dev": true,
      "license": "MIT",
      "dependencies": {
        "@lezer/common": "^1.1.0",
        "@lezer/lr": "^1.3.0"
      },
      "bin": {
        "lezer-generator": "src/lezer-generator.cjs"
      }
    },
    "node_modules/@lezer/lr": {
      "version": "1.4.4",
      "resolved": "https://registry.npmjs.org/@lezer/lr/-/lr-1.4.4.tgz",
      "integrity": "sha512-LHL17Mq0OcFXm1pGQssuGTQFPPdxARjKM8f7GA5+sGtHi0K3R84YaSbmche0+RKWHnCsx9asEe5OWOI4FHfe4A==",
      "dev": true,
      "license": "MIT",
      "dependencies": {
        "@lezer/common": "^1.0.0"
      }
    }
  }
}
